PODS:
  - Alamofire (4.4.0)
  - Unbox (2.4.0)
  - Wrap (2.1.0)

DEPENDENCIES:
  - Alamofire (~> 4.4)
  - Unbox
  - Wrap

SPEC CHECKSUMS:
  Alamofire: dc44b1600b800eb63da6a19039a0083d62a6a62d
  Unbox: c8b2ab69d3337597b4a3f47a0538807dc12db670
  Wrap: 731fe4fe3c2429c913a8252a17dbe8bb191e69e1

PODFILE CHECKSUM: 3bd0cafb368070d71cc75cdce70f68c720093d36

COCOAPODS: 1.2.1
